
Microsoft Visual Studio Solution File, Format Version 12.00
# Visual Studio Version 17
VisualStudioVersion = 17.2.32519.379
MinimumVisualStudioVersion = 10.0.40219.1
Project("{FAE04EC0-301F-11D3-BF4B-00C04F79EFBC}") = "ProjeOdevi2", "ProjeOdevi2\ProjeOdevi2.csproj", "{3F208921-B1A1-49C5-91B8-A768884287C0}"
EndProject
Global
	GlobalSection(SolutionConfigurationPlatforms) = preSolution
		Debug|Any CPU = Debug|Any CPU
		Release|Any CPU = Release|Any CPU
	EndGlobalSection
	GlobalSection(ProjectConfigurationPlatforms) = postSolution
		{3F208921-B1A1-49C5-91B8-A768884287C0}.Debug|Any CPU.ActiveCfg = Debug|Any CPU
		{3F208921-B1A1-49C5-91B8-A768884287C0}.Debug|Any CPU.Build.0 = Debug|Any CPU
		{3F208921-B1A1-49C5-91B8-A768884287C0}.Release|Any CPU.ActiveCfg = Release|Any CPU
		{3F208921-B1A1-49C5-91B8-A768884287C0}.Release|Any CPU.Build.0 = Release|Any CPU
	EndGlobalSection
	GlobalSection(SolutionProperties) = preSolution
		HideSolutionNode = FALSE
	EndGlobalSection
	GlobalSection(ExtensibilityGlobals) = postSolution
		SolutionGuid = {BBC49F26-95E2-495C-9B7F-9F8BD426A185}
	EndGlobalSection
EndGlobal
